{
  "name": "gatsby-remark-variable-embedder",
  "version": "1.0.0",
  "lockfileVersion": 1,
  "requires": true,
  "dependencies": {
    "@types/unist": {
      "version": "2.0.6",
      "resolved": "https://ramseysolutions.jfrog.io/artifactory/api/npm/npm/@types/unist/-/unist-2.0.6.tgz",
      "integrity": "sha1-JQp7FsO5H2cqJFUuxkZ47rHToI0="
    },
    "unist-util-map": {
      "version": "3.0.0",
      "resolved": "https://ramseysolutions.jfrog.io/artifactory/api/npm/npm/unist-util-map/-/unist-util-map-3.0.0.tgz",
      "integrity": "sha1-7Ew+Tz9l9Vm2wjIIevKkcPPl24k=",
      "requires": {
        "@types/unist": "^2.0.0"
      }
    }
  }
}
